
Microsoft Visual Studio Solution File, Format Version 12.00
# Visual Studio Version 17
VisualStudioVersion = 17.0.32112.339
MinimumVisualStudioVersion = 10.0.40219.1
Project("{FAE04EC0-301F-11D3-BF4B-00C04F79EFBC}") = "InventoryManangement", "InventoryManangement.csproj", "{CC408E24-1B73-4967-9130-6BF7DBB6B7AB}"
EndProject
Global
	GlobalSection(SolutionConfigurationPlatforms) = preSolution
		Debug|Any CPU = Debug|Any CPU
		Release|Any CPU = Release|Any CPU
	EndGlobalSection
	GlobalSection(ProjectConfigurationPlatforms) = postSolution
		{CC408E24-1B73-4967-9130-6BF7DBB6B7AB}.Debug|Any CPU.ActiveCfg = Debug|Any CPU
		{CC408E24-1B73-4967-9130-6BF7DBB6B7AB}.Debug|Any CPU.Build.0 = Debug|Any CPU
		{CC408E24-1B73-4967-9130-6BF7DBB6B7AB}.Release|Any CPU.ActiveCfg = Release|Any CPU
		{CC408E24-1B73-4967-9130-6BF7DBB6B7AB}.Release|Any CPU.Build.0 = Release|Any CPU
	EndGlobalSection
	GlobalSection(SolutionProperties) = preSolution
		HideSolutionNode = FALSE
	EndGlobalSection
	GlobalSection(ExtensibilityGlobals) = postSolution
		SolutionGuid = {100C3EBA-9AC6-4D8A-BD02-A227AE5758E3}
	EndGlobalSection
EndGlobal
